
Microsoft Visual Studio Solution File, Format Version 12.00
# Visual Studio Version 16
VisualStudioVersion = 16.0.31019.35
MinimumVisualStudioVersion = 10.0.40219.1
Project("{FAE04EC0-301F-11D3-BF4B-00C04F79EFBC}") = "LanguageSchool", "LanguageSchool\LanguageSchool.csproj", "{09C49BF5-FAA0-4499-A93C-EFD64E6D839C}"
EndProject
Global
	GlobalSection(SolutionConfigurationPlatforms) = preSolution
		Debug|Any CPU = Debug|Any CPU
		Release|Any CPU = Release|Any CPU
	EndGlobalSection
	GlobalSection(ProjectConfigurationPlatforms) = postSolution
		{09C49BF5-FAA0-4499-A93C-EFD64E6D839C}.Debug|Any CPU.ActiveCfg = Debug|Any CPU
		{09C49BF5-FAA0-4499-A93C-EFD64E6D839C}.Debug|Any CPU.Build.0 = Debug|Any CPU
		{09C49BF5-FAA0-4499-A93C-EFD64E6D839C}.Release|Any CPU.ActiveCfg = Release|Any CPU
		{09C49BF5-FAA0-4499-A93C-EFD64E6D839C}.Release|Any CPU.Build.0 = Release|Any CPU
	EndGlobalSection
	GlobalSection(SolutionProperties) = preSolution
		HideSolutionNode = FALSE
	EndGlobalSection
	GlobalSection(ExtensibilityGlobals) = postSolution
		SolutionGuid = {43A66B5B-F952-429E-9D6D-6863A37422AD}
	EndGlobalSection
EndGlobal
